
Microsoft Visual Studio Solution File, Format Version 12.00
# Visual Studio Version 17
VisualStudioVersion = 17.2.32519.379
MinimumVisualStudioVersion = 10.0.40219.1
Project("{54A90642-561A-4BB1-A94E-469ADEE60C69}") = "AngularFrontend", "AngularFrontend\AngularFrontend.esproj", "{6EC7E0A6-5289-4E93-AD95-D9762DDB829F}"
EndProject
Project("{9A19103F-16F7-4668-BE54-9A1E7A4F7556}") = "AngularBackend", "AngularBackend\AngularBackend.csproj", "{9AFD588F-725C-4F09-8BC6-D358EAF9550D}"
EndProject
Global
	GlobalSection(SolutionConfigurationPlatforms) = preSolution
		Debug|Any CPU = Debug|Any CPU
		Release|Any CPU = Release|Any CPU
	EndGlobalSection
	GlobalSection(ProjectConfigurationPlatforms) = postSolution
		{6EC7E0A6-5289-4E93-AD95-D9762DDB829F}.Debug|Any CPU.ActiveCfg = Debug|Any CPU
		{6EC7E0A6-5289-4E93-AD95-D9762DDB829F}.Debug|Any CPU.Build.0 = Debug|Any CPU
		{6EC7E0A6-5289-4E93-AD95-D9762DDB829F}.Debug|Any CPU.Deploy.0 = Debug|Any CPU
		{6EC7E0A6-5289-4E93-AD95-D9762DDB829F}.Release|Any CPU.ActiveCfg = Release|Any CPU
		{6EC7E0A6-5289-4E93-AD95-D9762DDB829F}.Release|Any CPU.Build.0 = Release|Any CPU
		{6EC7E0A6-5289-4E93-AD95-D9762DDB829F}.Release|Any CPU.Deploy.0 = Release|Any CPU
		{9AFD588F-725C-4F09-8BC6-D358EAF9550D}.Debug|Any CPU.ActiveCfg = Debug|Any CPU
		{9AFD588F-725C-4F09-8BC6-D358EAF9550D}.Debug|Any CPU.Build.0 = Debug|Any CPU
		{9AFD588F-725C-4F09-8BC6-D358EAF9550D}.Release|Any CPU.ActiveCfg = Release|Any CPU
		{9AFD588F-725C-4F09-8BC6-D358EAF9550D}.Release|Any CPU.Build.0 = Release|Any CPU
	EndGlobalSection
	GlobalSection(SolutionProperties) = preSolution
		HideSolutionNode = FALSE
	EndGlobalSection
	GlobalSection(ExtensibilityGlobals) = postSolution
		SolutionGuid = {11707AF9-6753-4D1B-9B08-A097A455FD91}
	EndGlobalSection
EndGlobal
